
Microsoft Visual Studio Solution File, Format Version 12.00
# Visual Studio Version 17
VisualStudioVersion = 17.5.002.0
MinimumVisualStudioVersion = 10.0.40219.1
Project("{9A19103F-16F7-4668-BE54-9A1E7A4F7556}") = "MovieReview", "MovieReview.csproj", "{DF5D41B9-E4ED-4128-8261-7FCE75F5353D}"
EndProject
Global
	GlobalSection(SolutionConfigurationPlatforms) = preSolution
		Debug|Any CPU = Debug|Any CPU
		Release|Any CPU = Release|Any CPU
	EndGlobalSection
	GlobalSection(ProjectConfigurationPlatforms) = postSolution
		{DF5D41B9-E4ED-4128-8261-7FCE75F5353D}.Debug|Any CPU.ActiveCfg = Debug|Any CPU
		{DF5D41B9-E4ED-4128-8261-7FCE75F5353D}.Debug|Any CPU.Build.0 = Debug|Any CPU
		{DF5D41B9-E4ED-4128-8261-7FCE75F5353D}.Release|Any CPU.ActiveCfg = Release|Any CPU
		{DF5D41B9-E4ED-4128-8261-7FCE75F5353D}.Release|Any CPU.Build.0 = Release|Any CPU
	EndGlobalSection
	GlobalSection(SolutionProperties) = preSolution
		HideSolutionNode = FALSE
	EndGlobalSection
	GlobalSection(ExtensibilityGlobals) = postSolution
		SolutionGuid = {AEF7235E-7E4B-4A83-9B7B-C71D0031D5C1}
	EndGlobalSection
EndGlobal
